
Microsoft Visual Studio Solution File, Format Version 12.00
# Visual Studio Version 16
VisualStudioVersion = 16.0.31624.102
MinimumVisualStudioVersion = 10.0.40219.1
Project("{FAE04EC0-301F-11D3-BF4B-00C04F79EFBC}") = "netBackend", "netBackend\netBackend.csproj", "{F925F200-45C0-48DA-BE28-52D5346BB025}"
EndProject
Global
	GlobalSection(SolutionConfigurationPlatforms) = preSolution
		Debug|Any CPU = Debug|Any CPU
		Release|Any CPU = Release|Any CPU
	EndGlobalSection
	GlobalSection(ProjectConfigurationPlatforms) = postSolution
		{F925F200-45C0-48DA-BE28-52D5346BB025}.Debug|Any CPU.ActiveCfg = Debug|Any CPU
		{F925F200-45C0-48DA-BE28-52D5346BB025}.Debug|Any CPU.Build.0 = Debug|Any CPU
		{F925F200-45C0-48DA-BE28-52D5346BB025}.Release|Any CPU.ActiveCfg = Release|Any CPU
		{F925F200-45C0-48DA-BE28-52D5346BB025}.Release|Any CPU.Build.0 = Release|Any CPU
	EndGlobalSection
	GlobalSection(SolutionProperties) = preSolution
		HideSolutionNode = FALSE
	EndGlobalSection
	GlobalSection(ExtensibilityGlobals) = postSolution
		SolutionGuid = {048BB6F0-B6D0-4E67-8E13-E6E177692F81}
	EndGlobalSection
EndGlobal
